
Microsoft Visual Studio Solution File, Format Version 12.00
# Visual Studio Version 17
VisualStudioVersion = 17.4.33213.308
MinimumVisualStudioVersion = 10.0.40219.1
Project("{9A19103F-16F7-4668-BE54-9A1E7A4F7556}") = "MultiTenancy", "MMultiTenancy\MultiTenancy.csproj", "{D4F1280B-898D-41FB-95DF-6C4F7C21670C}"
EndProject
Global
	GlobalSection(SolutionConfigurationPlatforms) = preSolution
		Debug|Any CPU = Debug|Any CPU
		Release|Any CPU = Release|Any CPU
	EndGlobalSection
	GlobalSection(ProjectConfigurationPlatforms) = postSolution
		{D4F1280B-898D-41FB-95DF-6C4F7C21670C}.Debug|Any CPU.ActiveCfg = Debug|Any CPU
		{D4F1280B-898D-41FB-95DF-6C4F7C21670C}.Debug|Any CPU.Build.0 = Debug|Any CPU
		{D4F1280B-898D-41FB-95DF-6C4F7C21670C}.Release|Any CPU.ActiveCfg = Release|Any CPU
		{D4F1280B-898D-41FB-95DF-6C4F7C21670C}.Release|Any CPU.Build.0 = Release|Any CPU
	EndGlobalSection
	GlobalSection(SolutionProperties) = preSolution
		HideSolutionNode = FALSE
	EndGlobalSection
	GlobalSection(ExtensibilityGlobals) = postSolution
		SolutionGuid = {9D3E2993-EF5D-4077-A591-5E3134215216}
	EndGlobalSection
EndGlobal
